
Microsoft Visual Studio Solution File, Format Version 12.00
# Visual Studio 14
VisualStudioVersion = 14.0.24720.0
MinimumVisualStudioVersion = 10.0.40219.1
Project("{FAE04EC0-301F-11D3-BF4B-00C04F79EFBC}") = "WCFExample", "WCFExample\WCFExample.csproj", "{C64FFC99-74C8-49F8-B510-3498404D76D6}"
EndProject
Project("{FAE04EC0-301F-11D3-BF4B-00C04F79EFBC}") = "WCFHost", "WCFHost\WCFHost.csproj", "{064D0F0E-20F7-44DC-AE5B-7937DB9B1851}"
EndProject
Project("{FAE04EC0-301F-11D3-BF4B-00C04F79EFBC}") = "WCFClient", "WCFClient\WCFClient.csproj", "{E78C4187-A70C-4CA4-B57B-21B9F2CB62EA}"
EndProject
Global
	GlobalSection(SolutionConfigurationPlatforms) = preSolution
		Debug|Any CPU = Debug|Any CPU
		Release|Any CPU = Release|Any CPU
	EndGlobalSection
	GlobalSection(ProjectConfigurationPlatforms) = postSolution
		{C64FFC99-74C8-49F8-B510-3498404D76D6}.Debug|Any CPU.ActiveCfg = Debug|Any CPU
		{C64FFC99-74C8-49F8-B510-3498404D76D6}.Debug|Any CPU.Build.0 = Debug|Any CPU
		{C64FFC99-74C8-49F8-B510-3498404D76D6}.Release|Any CPU.ActiveCfg = Release|Any CPU
		{C64FFC99-74C8-49F8-B510-3498404D76D6}.Release|Any CPU.Build.0 = Release|Any CPU
		{064D0F0E-20F7-44DC-AE5B-7937DB9B1851}.Debug|Any CPU.ActiveCfg = Debug|Any CPU
		{064D0F0E-20F7-44DC-AE5B-7937DB9B1851}.Debug|Any CPU.Build.0 = Debug|Any CPU
		{064D0F0E-20F7-44DC-AE5B-7937DB9B1851}.Release|Any CPU.ActiveCfg = Release|Any CPU
		{064D0F0E-20F7-44DC-AE5B-7937DB9B1851}.Release|Any CPU.Build.0 = Release|Any CPU
		{E78C4187-A70C-4CA4-B57B-21B9F2CB62EA}.Debug|Any CPU.ActiveCfg = Debug|Any CPU
		{E78C4187-A70C-4CA4-B57B-21B9F2CB62EA}.Debug|Any CPU.Build.0 = Debug|Any CPU
		{E78C4187-A70C-4CA4-B57B-21B9F2CB62EA}.Release|Any CPU.ActiveCfg = Release|Any CPU
		{E78C4187-A70C-4CA4-B57B-21B9F2CB62EA}.Release|Any CPU.Build.0 = Release|Any CPU
	EndGlobalSection
	GlobalSection(SolutionProperties) = preSolution
		HideSolutionNode = FALSE
	EndGlobalSection
EndGlobal
